
Microsoft Visual Studio Solution File, Format Version 12.00
# Visual Studio Version 16
VisualStudioVersion = 16.0.30114.105
MinimumVisualStudioVersion = 10.0.40219.1
Project("{FAE04EC0-301F-11D3-BF4B-00C04F79EFBC}") = "Api", "Api\Api.csproj", "{80FC974B-8BE4-4649-816E-BFD85B88412B}"
EndProject
Project("{FAE04EC0-301F-11D3-BF4B-00C04F79EFBC}") = "Business", "Business\Business.csproj", "{47F44894-5C11-4B7E-B555-A353010ADC93}"
EndProject
Project("{FAE04EC0-301F-11D3-BF4B-00C04F79EFBC}") = "Infrastructure", "Infrastructure\Infrastructure.csproj", "{2BE7B274-3DBC-437F-8D44-B920D7A52E12}"
EndProject
Global
	GlobalSection(SolutionConfigurationPlatforms) = preSolution
		Debug|Any CPU = Debug|Any CPU
		Release|Any CPU = Release|Any CPU
	EndGlobalSection
	GlobalSection(SolutionProperties) = preSolution
		HideSolutionNode = FALSE
	EndGlobalSection
	GlobalSection(ProjectConfigurationPlatforms) = postSolution
		{80FC974B-8BE4-4649-816E-BFD85B88412B}.Debug|Any CPU.ActiveCfg = Debug|Any CPU
		{80FC974B-8BE4-4649-816E-BFD85B88412B}.Debug|Any CPU.Build.0 = Debug|Any CPU
		{80FC974B-8BE4-4649-816E-BFD85B88412B}.Release|Any CPU.ActiveCfg = Release|Any CPU
		{80FC974B-8BE4-4649-816E-BFD85B88412B}.Release|Any CPU.Build.0 = Release|Any CPU
		{47F44894-5C11-4B7E-B555-A353010ADC93}.Debug|Any CPU.ActiveCfg = Debug|Any CPU
		{47F44894-5C11-4B7E-B555-A353010ADC93}.Debug|Any CPU.Build.0 = Debug|Any CPU
		{47F44894-5C11-4B7E-B555-A353010ADC93}.Release|Any CPU.ActiveCfg = Release|Any CPU
		{47F44894-5C11-4B7E-B555-A353010ADC93}.Release|Any CPU.Build.0 = Release|Any CPU
		{2BE7B274-3DBC-437F-8D44-B920D7A52E12}.Debug|Any CPU.ActiveCfg = Debug|Any CPU
		{2BE7B274-3DBC-437F-8D44-B920D7A52E12}.Debug|Any CPU.Build.0 = Debug|Any CPU
		{2BE7B274-3DBC-437F-8D44-B920D7A52E12}.Release|Any CPU.ActiveCfg = Release|Any CPU
		{2BE7B274-3DBC-437F-8D44-B920D7A52E12}.Release|Any CPU.Build.0 = Release|Any CPU
	EndGlobalSection
EndGlobal
